
Microsoft Visual Studio Solution File, Format Version 12.00
# Visual Studio Version 17
VisualStudioVersion = 17.13.35825.156
MinimumVisualStudioVersion = 10.0.40219.1
Project("{FAE04EC0-301F-11D3-BF4B-00C04F79EFBC}") = "QuanLyBanHangTrucTuyen", "QuanLyBanHangTrucTuyen\QuanLyBanHangTrucTuyen.csproj", "{3747DD5A-CAFD-47E8-A2E3-606BB2243AD1}"
EndProject
Project("{FAE04EC0-301F-11D3-BF4B-00C04F79EFBC}") = "DTO", "DTO\DTO.csproj", "{FF8135F9-E702-4F71-A5E0-CF4B6E5236D0}"
EndProject
Project("{FAE04EC0-301F-11D3-BF4B-00C04F79EFBC}") = "DAL", "DAL\DAL.csproj", "{095C13D0-5669-4BDC-ADC6-A21246559DE9}"
EndProject
Project("{FAE04EC0-301F-11D3-BF4B-00C04F79EFBC}") = "BUS", "BUS\BUS.csproj", "{184991EE-0B60-49EC-95DD-2D8E91343F65}"
EndProject
Global
	GlobalSection(SolutionConfigurationPlatforms) = preSolution
		Debug|Any CPU = Debug|Any CPU
		Release|Any CPU = Release|Any CPU
	EndGlobalSection
	GlobalSection(ProjectConfigurationPlatforms) = postSolution
		{3747DD5A-CAFD-47E8-A2E3-606BB2243AD1}.Debug|Any CPU.ActiveCfg = Debug|Any CPU
		{3747DD5A-CAFD-47E8-A2E3-606BB2243AD1}.Debug|Any CPU.Build.0 = Debug|Any CPU
		{3747DD5A-CAFD-47E8-A2E3-606BB2243AD1}.Release|Any CPU.ActiveCfg = Release|Any CPU
		{3747DD5A-CAFD-47E8-A2E3-606BB2243AD1}.Release|Any CPU.Build.0 = Release|Any CPU
		{FF8135F9-E702-4F71-A5E0-CF4B6E5236D0}.Debug|Any CPU.ActiveCfg = Debug|Any CPU
		{FF8135F9-E702-4F71-A5E0-CF4B6E5236D0}.Debug|Any CPU.Build.0 = Debug|Any CPU
		{FF8135F9-E702-4F71-A5E0-CF4B6E5236D0}.Release|Any CPU.ActiveCfg = Release|Any CPU
		{FF8135F9-E702-4F71-A5E0-CF4B6E5236D0}.Release|Any CPU.Build.0 = Release|Any CPU
		{095C13D0-5669-4BDC-ADC6-A21246559DE9}.Debug|Any CPU.ActiveCfg = Debug|Any CPU
		{095C13D0-5669-4BDC-ADC6-A21246559DE9}.Debug|Any CPU.Build.0 = Debug|Any CPU
		{095C13D0-5669-4BDC-ADC6-A21246559DE9}.Release|Any CPU.ActiveCfg = Release|Any CPU
		{095C13D0-5669-4BDC-ADC6-A21246559DE9}.Release|Any CPU.Build.0 = Release|Any CPU
		{184991EE-0B60-49EC-95DD-2D8E91343F65}.Debug|Any CPU.ActiveCfg = Debug|Any CPU
		{184991EE-0B60-49EC-95DD-2D8E91343F65}.Debug|Any CPU.Build.0 = Debug|Any CPU
		{184991EE-0B60-49EC-95DD-2D8E91343F65}.Release|Any CPU.ActiveCfg = Release|Any CPU
		{184991EE-0B60-49EC-95DD-2D8E91343F65}.Release|Any CPU.Build.0 = Release|Any CPU
	EndGlobalSection
	GlobalSection(SolutionProperties) = preSolution
		HideSolutionNode = FALSE
	EndGlobalSection
	GlobalSection(ExtensibilityGlobals) = postSolution
		SolutionGuid = {EDC2D9CD-891C-4ABF-B5C9-341975A52CAF}
	EndGlobalSection
EndGlobal
